
Microsoft Visual Studio Solution File, Format Version 12.00
Project("{FAE04EC0-301F-11D3-BF4B-00C04F79EFBC}") = "ConsoleApp1", "ConsoleApp1\ConsoleApp1.csproj", "{C01F84B0-291A-4FEA-8559-842B0809A2FA}"
EndProject
Project("{FAE04EC0-301F-11D3-BF4B-00C04F79EFBC}") = "ConsoleApp2", "ConsoleApp2\ConsoleApp2.csproj", "{68A20AD6-FCD1-4831-8ED9-880F9F1AD547}"
EndProject
Project("{FAE04EC0-301F-11D3-BF4B-00C04F79EFBC}") = "ClassLibrary1", "ClassLibrary1\ClassLibrary1.csproj", "{BE569833-1E71-4272-BDEA-86F73D0A2664}"
EndProject
Global
	GlobalSection(SolutionConfigurationPlatforms) = preSolution
		Debug|Any CPU = Debug|Any CPU
		Release|Any CPU = Release|Any CPU
	EndGlobalSection
	GlobalSection(ProjectConfigurationPlatforms) = postSolution
		{C01F84B0-291A-4FEA-8559-842B0809A2FA}.Debug|Any CPU.ActiveCfg = Debug|Any CPU
		{C01F84B0-291A-4FEA-8559-842B0809A2FA}.Debug|Any CPU.Build.0 = Debug|Any CPU
		{C01F84B0-291A-4FEA-8559-842B0809A2FA}.Release|Any CPU.ActiveCfg = Release|Any CPU
		{C01F84B0-291A-4FEA-8559-842B0809A2FA}.Release|Any CPU.Build.0 = Release|Any CPU
		{68A20AD6-FCD1-4831-8ED9-880F9F1AD547}.Debug|Any CPU.ActiveCfg = Debug|Any CPU
		{68A20AD6-FCD1-4831-8ED9-880F9F1AD547}.Debug|Any CPU.Build.0 = Debug|Any CPU
		{68A20AD6-FCD1-4831-8ED9-880F9F1AD547}.Release|Any CPU.ActiveCfg = Release|Any CPU
		{68A20AD6-FCD1-4831-8ED9-880F9F1AD547}.Release|Any CPU.Build.0 = Release|Any CPU
		{BE569833-1E71-4272-BDEA-86F73D0A2664}.Debug|Any CPU.ActiveCfg = Debug|Any CPU
		{BE569833-1E71-4272-BDEA-86F73D0A2664}.Debug|Any CPU.Build.0 = Debug|Any CPU
		{BE569833-1E71-4272-BDEA-86F73D0A2664}.Release|Any CPU.ActiveCfg = Release|Any CPU
		{BE569833-1E71-4272-BDEA-86F73D0A2664}.Release|Any CPU.Build.0 = Release|Any CPU
	EndGlobalSection
EndGlobal
